
Microsoft Visual Studio Solution File, Format Version 12.00
# Visual Studio Version 17
VisualStudioVersion = 17.0.32112.339
MinimumVisualStudioVersion = 10.0.40219.1
Project("{9A19103F-16F7-4668-BE54-9A1E7A4F7556}") = "sutoss", "sutoss.csproj", "{7611D6E4-BDD1-4BB7-AA56-86358E198CA0}"
EndProject
Project("{9A19103F-16F7-4668-BE54-9A1E7A4F7556}") = "sutoss.Persistence", "..\sutoss.Persistence\sutoss.Persistence.csproj", "{D035D085-3821-41CC-B7D0-A599F997976F}"
EndProject
Project("{9A19103F-16F7-4668-BE54-9A1E7A4F7556}") = "sutoss.Domain", "..\sutoss.Domain\sutoss.Domain.csproj", "{F89A478D-51DD-4AC3-9CDE-2F4489E68896}"
EndProject
Project("{9A19103F-16F7-4668-BE54-9A1E7A4F7556}") = "sutoss.Drivers", "..\sutoss.Drivers\sutoss.Drivers.csproj", "{220D1D8B-1C6C-4FC4-BE7F-850982631C65}"
EndProject
Global
	GlobalSection(SolutionConfigurationPlatforms) = preSolution
		Debug|Any CPU = Debug|Any CPU
		Release|Any CPU = Release|Any CPU
	EndGlobalSection
	GlobalSection(ProjectConfigurationPlatforms) = postSolution
		{7611D6E4-BDD1-4BB7-AA56-86358E198CA0}.Debug|Any CPU.ActiveCfg = Debug|Any CPU
		{7611D6E4-BDD1-4BB7-AA56-86358E198CA0}.Debug|Any CPU.Build.0 = Debug|Any CPU
		{7611D6E4-BDD1-4BB7-AA56-86358E198CA0}.Release|Any CPU.ActiveCfg = Release|Any CPU
		{7611D6E4-BDD1-4BB7-AA56-86358E198CA0}.Release|Any CPU.Build.0 = Release|Any CPU
		{D035D085-3821-41CC-B7D0-A599F997976F}.Debug|Any CPU.ActiveCfg = Debug|Any CPU
		{D035D085-3821-41CC-B7D0-A599F997976F}.Debug|Any CPU.Build.0 = Debug|Any CPU
		{D035D085-3821-41CC-B7D0-A599F997976F}.Release|Any CPU.ActiveCfg = Release|Any CPU
		{D035D085-3821-41CC-B7D0-A599F997976F}.Release|Any CPU.Build.0 = Release|Any CPU
		{F89A478D-51DD-4AC3-9CDE-2F4489E68896}.Debug|Any CPU.ActiveCfg = Debug|Any CPU
		{F89A478D-51DD-4AC3-9CDE-2F4489E68896}.Debug|Any CPU.Build.0 = Debug|Any CPU
		{F89A478D-51DD-4AC3-9CDE-2F4489E68896}.Release|Any CPU.ActiveCfg = Release|Any CPU
		{F89A478D-51DD-4AC3-9CDE-2F4489E68896}.Release|Any CPU.Build.0 = Release|Any CPU
		{220D1D8B-1C6C-4FC4-BE7F-850982631C65}.Debug|Any CPU.ActiveCfg = Debug|Any CPU
		{220D1D8B-1C6C-4FC4-BE7F-850982631C65}.Debug|Any CPU.Build.0 = Debug|Any CPU
		{220D1D8B-1C6C-4FC4-BE7F-850982631C65}.Release|Any CPU.ActiveCfg = Release|Any CPU
		{220D1D8B-1C6C-4FC4-BE7F-850982631C65}.Release|Any CPU.Build.0 = Release|Any CPU
	EndGlobalSection
	GlobalSection(SolutionProperties) = preSolution
		HideSolutionNode = FALSE
	EndGlobalSection
	GlobalSection(ExtensibilityGlobals) = postSolution
		SolutionGuid = {C3E01BE2-D3C4-4086-9F1A-AE0E773EAB63}
	EndGlobalSection
EndGlobal
